{
  "projects": [
    {
      "projectId": "9Vr5YWkf3w7jj6SsTcCEta",
      "version": "0.10.0",
      "dependencies": {},
      "lang": "js",
      "fileLocks": [
        {
          "assetId": "9Vr5YWkf3w7jj6SsTcCEta",
          "type": "projectCss",
          "checksum": "e1ec850476829c38b0f9b6d4f7ac446a"
        }
      ],
      "codegenVersion": "0.0.1"
    },
    {
      "projectId": "jkU633o1Cz7HrJdwdxhVHk",
      "version": "16.10.0",
      "dependencies": {},
      "lang": "js",
      "fileLocks": [
        {
          "assetId": "jkU633o1Cz7HrJdwdxhVHk",
          "type": "projectCss",
          "checksum": "0581d4378bb1604bb5fe3f65bb0a37de"
        }
      ],
      "codegenVersion": "0.0.1"
    },
    {
      "projectId": "ohDidvG9XsCeFumugENU3J",
      "version": "6.24.0",
      "dependencies": {},
      "lang": "js",
      "fileLocks": [
        {
          "assetId": "ohDidvG9XsCeFumugENU3J",
          "type": "projectCss",
          "checksum": "fd83b730367fdbde2c69bc6cf31c2a3c"
        },
        {
          "assetId": "ohDidvG9XsCeFumugENU3J",
          "checksum": "de0a0e65174a6a185a8f822af51c6bdd",
          "type": "globalContexts"
        }
      ],
      "codegenVersion": "0.0.1"
    },
    {
      "projectId": "v39u7mgX2VrNcBjqnUJZcQ",
      "version": "latest",
      "dependencies": {
        "ohDidvG9XsCeFumugENU3J": "6.24.0",
        "jkU633o1Cz7HrJdwdxhVHk": "16.10.0",
        "9Vr5YWkf3w7jj6SsTcCEta": "0.10.0"
      },
      "lang": "js",
      "fileLocks": [
        {
          "type": "globalVariant",
          "assetId": "FKX2P79czioq",
          "checksum": "4169c8cb872a9ca545164c428f65c56a"
        },
        {
          "assetId": "v39u7mgX2VrNcBjqnUJZcQ",
          "type": "projectCss",
          "checksum": "ef93386eb9f9c765ed64456d4887ea29"
        },
        {
          "assetId": "v39u7mgX2VrNcBjqnUJZcQ",
          "checksum": "a9f6fe6129c5a5ecdd16497449821e8b",
          "type": "globalContexts"
        },
        {
          "type": "renderModule",
          "assetId": "arSvH40NmxWO",
          "checksum": "a703ca7812d5b790c24b344219034a5d"
        },
        {
          "type": "cssRules",
          "assetId": "arSvH40NmxWO",
          "checksum": "a703ca7812d5b790c24b344219034a5d"
        },
        {
          "type": "renderModule",
          "assetId": "TmtLz8ETsrku",
          "checksum": "feb8d1a8757bef0c1933280c198df327"
        },
        {
          "type": "cssRules",
          "assetId": "TmtLz8ETsrku",
          "checksum": "feb8d1a8757bef0c1933280c198df327"
        },
        {
          "type": "renderModule",
          "assetId": "G926QubmEFjC",
          "checksum": "b213f47e6a853df329ea9b88db9f5900"
        },
        {
          "type": "cssRules",
          "assetId": "G926QubmEFjC",
          "checksum": "b213f47e6a853df329ea9b88db9f5900"
        },
        {
          "type": "icon",
          "assetId": "pFB7Yz6UPc2A",
          "checksum": "46a424d4d14f2b0ab94f2f2b5b502ee2"
        },
        {
          "type": "icon",
          "assetId": "iVLf9bRChU4i",
          "checksum": "16708c23aa1150850a68d2eb681199b9"
        }
      ],
      "codegenVersion": "0.0.1"
    }
  ],
  "cliVersion": "0.1.330"
}
